
Microsoft Visual Studio Solution File, Format Version 12.00
# Visual Studio Version 17
VisualStudioVersion = 17.9.34728.123
MinimumVisualStudioVersion = 10.0.40219.1
Project("{FAE04EC0-301F-11D3-BF4B-00C04F79EFBC}") = "TestOData", "TestOData\TestOData.csproj", "{658D3E1C-1772-4389-B5E0-AF3E98BB23BB}"
EndProject
Project("{FAE04EC0-301F-11D3-BF4B-00C04F79EFBC}") = "ODataSample.Data", "ODataSample.Data\ODataSample.Data.csproj", "{72DC79E0-3111-4635-95A8-FC99A5905A7B}"
EndProject
Global
	GlobalSection(SolutionConfigurationPlatforms) = preSolution
		Debug|Any CPU = Debug|Any CPU
		Release|Any CPU = Release|Any CPU
	EndGlobalSection
	GlobalSection(ProjectConfigurationPlatforms) = postSolution
		{658D3E1C-1772-4389-B5E0-AF3E98BB23BB}.Debug|Any CPU.ActiveCfg = Debug|Any CPU
		{658D3E1C-1772-4389-B5E0-AF3E98BB23BB}.Debug|Any CPU.Build.0 = Debug|Any CPU
		{658D3E1C-1772-4389-B5E0-AF3E98BB23BB}.Release|Any CPU.ActiveCfg = Release|Any CPU
		{658D3E1C-1772-4389-B5E0-AF3E98BB23BB}.Release|Any CPU.Build.0 = Release|Any CPU
		{72DC79E0-3111-4635-95A8-FC99A5905A7B}.Debug|Any CPU.ActiveCfg = Debug|Any CPU
		{72DC79E0-3111-4635-95A8-FC99A5905A7B}.Debug|Any CPU.Build.0 = Debug|Any CPU
		{72DC79E0-3111-4635-95A8-FC99A5905A7B}.Release|Any CPU.ActiveCfg = Release|Any CPU
		{72DC79E0-3111-4635-95A8-FC99A5905A7B}.Release|Any CPU.Build.0 = Release|Any CPU
	EndGlobalSection
	GlobalSection(SolutionProperties) = preSolution
		HideSolutionNode = FALSE
	EndGlobalSection
	GlobalSection(ExtensibilityGlobals) = postSolution
		SolutionGuid = {C682F9C5-06B3-4FA2-B528-16984839DA65}
	EndGlobalSection
EndGlobal
